# This file was autogenerated by Stack.
# You should not edit this file by hand.
# For more information, please see the documentation at:
#   https://docs.haskellstack.org/en/stable/lock_files

packages:
- completed:
    hackage: list-grouping-0.1.1@sha256:abd77c58b7496817250b206048f200572af9891f75a7825c6d54a1b012d2d89f,1380
    pantry-tree:
      size: 219
      sha256: 85ece893e186e1556c90074d08f88a46324ac7c9510a2d02ab398ad722af79c8
  original:
    hackage: list-grouping-0.1.1@sha256:abd77c58b7496817250b206048f200572af9891f75a7825c6d54a1b012d2d89f,1380
snapshots:
- completed:
    size: 524996
    url: https://raw.githubusercontent.com/commercialhaskell/stackage-snapshots/master/lts/14/26.yaml
    sha256: c544f5b0c4877de1f69353442ef511a361e1bdacf86304a8ad7657abdff3b28a
  original: lts-14.26
